// !$*UTF8*$!
{
	archiveVersion = 1;
	classes = {
	};
	objectVersion = 56;
	objects = {

/* Begin PBXBuildFile section */
		DF6942E12B1EA2AE0041D2F6 /* HomeScreenView.swift in Sources */ = {isa = PBXBuildFile; fileRef = DF6942E02B1EA2AE0041D2F6 /* HomeScreenView.swift */; };
		DF6942E32B1ECC350041D2F6 /* HomeScreenViewController.swift in Sources */ = {isa = PBXBuildFile; fileRef = DF6942E22B1ECC350041D2F6 /* HomeScreenViewController.swift */; };
		DF6942E72B1ED5C40041D2F6 /* ProfileScreenView.swift in Sources */ = {isa = PBXBuildFile; fileRef = DF6942E62B1ED5C40041D2F6 /* ProfileScreenView.swift */; };
		DF6942E92B1EDD620041D2F6 /* ProfileScreenViewController.swift in Sources */ = {isa = PBXBuildFile; fileRef = DF6942E82B1EDD620041D2F6 /* ProfileScreenViewController.swift */; };
		DF6942EB2B1EE1970041D2F6 /* ProfileInfo.swift in Sources */ = {isa = PBXBuildFile; fileRef = DF6942EA2B1EE1970041D2F6 /* ProfileInfo.swift */; };
		DF6942EF2B1FA69F0041D2F6 /* EditScreenView.swift in Sources */ = {isa = PBXBuildFile; fileRef = DF6942EE2B1FA69F0041D2F6 /* EditScreenView.swift */; };
		DF6942F12B1FA6B30041D2F6 /* EditScreenViewController.swift in Sources */ = {isa = PBXBuildFile; fileRef = DF6942F02B1FA6B30041D2F6 /* EditScreenViewController.swift */; };
		E4A70DE02B1BAC8F001B65C1 /* RecordingScreenView.swift in Sources */ = {isa = PBXBuildFile; fileRef = E4A70DDF2B1BAC8F001B65C1 /* RecordingScreenView.swift */; };
		E4A70DE22B1BACA1001B65C1 /* RecordingScreenViewController.swift in Sources */ = {isa = PBXBuildFile; fileRef = E4A70DE12B1BACA1001B65C1 /* RecordingScreenViewController.swift */; };
		E4A70DE42B1BACD4001B65C1 /* FirebaseAnalytics in Frameworks */ = {isa = PBXBuildFile; productRef = E4A70DE32B1BACD4001B65C1 /* FirebaseAnalytics */; };
		E4A70DE62B1BACD4001B65C1 /* FirebaseAnalyticsOnDeviceConversion in Frameworks */ = {isa = PBXBuildFile; productRef = E4A70DE52B1BACD4001B65C1 /* FirebaseAnalyticsOnDeviceConversion */; };
		E4A70DE82B1BACD4001B65C1 /* FirebaseAnalyticsSwift in Frameworks */ = {isa = PBXBuildFile; productRef = E4A70DE72B1BACD4001B65C1 /* FirebaseAnalyticsSwift */; };
		E4A70DEA2B1BACD4001B65C1 /* FirebaseAnalyticsWithoutAdIdSupport in Frameworks */ = {isa = PBXBuildFile; productRef = E4A70DE92B1BACD4001B65C1 /* FirebaseAnalyticsWithoutAdIdSupport */; };
		E4A70DEC2B1BACD4001B65C1 /* FirebaseAppCheck in Frameworks */ = {isa = PBXBuildFile; productRef = E4A70DEB2B1BACD4001B65C1 /* FirebaseAppCheck */; };
		E4A70DEE2B1BACD4001B65C1 /* FirebaseAppDistribution-Beta in Frameworks */ = {isa = PBXBuildFile; productRef = E4A70DED2B1BACD4001B65C1 /* FirebaseAppDistribution-Beta */; };
		E4A70DF02B1BACD4001B65C1 /* FirebaseAuth in Frameworks */ = {isa = PBXBuildFile; productRef = E4A70DEF2B1BACD4001B65C1 /* FirebaseAuth */; };
		E4A70DF22B1BACD4001B65C1 /* FirebaseAuthCombine-Community in Frameworks */ = {isa = PBXBuildFile; productRef = E4A70DF12B1BACD4001B65C1 /* FirebaseAuthCombine-Community */; };
		E4A70DF42B1BACD4001B65C1 /* FirebaseCrashlytics in Frameworks */ = {isa = PBXBuildFile; productRef = E4A70DF32B1BACD4001B65C1 /* FirebaseCrashlytics */; };
		E4A70DF62B1BACD4001B65C1 /* FirebaseDatabase in Frameworks */ = {isa = PBXBuildFile; productRef = E4A70DF52B1BACD4001B65C1 /* FirebaseDatabase */; };
		E4A70DF82B1BACD4001B65C1 /* FirebaseDatabaseSwift in Frameworks */ = {isa = PBXBuildFile; productRef = E4A70DF72B1BACD4001B65C1 /* FirebaseDatabaseSwift */; };
		E4A70DFA2B1BACD4001B65C1 /* FirebaseDynamicLinks in Frameworks */ = {isa = PBXBuildFile; productRef = E4A70DF92B1BACD4001B65C1 /* FirebaseDynamicLinks */; };
		E4A70DFC2B1BACD4001B65C1 /* FirebaseFirestore in Frameworks */ = {isa = PBXBuildFile; productRef = E4A70DFB2B1BACD4001B65C1 /* FirebaseFirestore */; };
		E4A70DFE2B1BACD4001B65C1 /* FirebaseFirestoreCombine-Community in Frameworks */ = {isa = PBXBuildFile; productRef = E4A70DFD2B1BACD4001B65C1 /* FirebaseFirestoreCombine-Community */; };
		E4A70E002B1BACD4001B65C1 /* FirebaseFirestoreSwift in Frameworks */ = {isa = PBXBuildFile; productRef = E4A70DFF2B1BACD4001B65C1 /* FirebaseFirestoreSwift */; };
		E4A70E022B1BACD4001B65C1 /* FirebaseFunctions in Frameworks */ = {isa = PBXBuildFile; productRef = E4A70E012B1BACD4001B65C1 /* FirebaseFunctions */; };
		E4A70E042B1BACD4001B65C1 /* FirebaseFunctionsCombine-Community in Frameworks */ = {isa = PBXBuildFile; productRef = E4A70E032B1BACD4001B65C1 /* FirebaseFunctionsCombine-Community */; };
		E4A70E062B1BACD4001B65C1 /* FirebaseInAppMessaging-Beta in Frameworks */ = {isa = PBXBuildFile; productRef = E4A70E052B1BACD4001B65C1 /* FirebaseInAppMessaging-Beta */; };
		E4A70E082B1BACD4001B65C1 /* FirebaseInAppMessagingSwift-Beta in Frameworks */ = {isa = PBXBuildFile; productRef = E4A70E072B1BACD4001B65C1 /* FirebaseInAppMessagingSwift-Beta */; };
		E4A70E0A2B1BACD4001B65C1 /* FirebaseInstallations in Frameworks */ = {isa = PBXBuildFile; productRef = E4A70E092B1BACD4001B65C1 /* FirebaseInstallations */; };
		E4A70E0C2B1BACD4001B65C1 /* FirebaseMLModelDownloader in Frameworks */ = {isa = PBXBuildFile; productRef = E4A70E0B2B1BACD4001B65C1 /* FirebaseMLModelDownloader */; };
		E4A70E0E2B1BACD4001B65C1 /* FirebaseMessaging in Frameworks */ = {isa = PBXBuildFile; productRef = E4A70E0D2B1BACD4001B65C1 /* FirebaseMessaging */; };
		E4A70E102B1BACD4001B65C1 /* FirebasePerformance in Frameworks */ = {isa = PBXBuildFile; productRef = E4A70E0F2B1BACD4001B65C1 /* FirebasePerformance */; };
		E4A70E122B1BACD4001B65C1 /* FirebaseRemoteConfig in Frameworks */ = {isa = PBXBuildFile; productRef = E4A70E112B1BACD4001B65C1 /* FirebaseRemoteConfig */; };
		E4A70E142B1BACD4001B65C1 /* FirebaseRemoteConfigSwift in Frameworks */ = {isa = PBXBuildFile; productRef = E4A70E132B1BACD4001B65C1 /* FirebaseRemoteConfigSwift */; };
		E4A70E162B1BACD4001B65C1 /* FirebaseStorage in Frameworks */ = {isa = PBXBuildFile; productRef = E4A70E152B1BACD4001B65C1 /* FirebaseStorage */; };
		E4A70E182B1BACD4001B65C1 /* FirebaseStorageCombine-Community in Frameworks */ = {isa = PBXBuildFile; productRef = E4A70E172B1BACD4001B65C1 /* FirebaseStorageCombine-Community */; };
		E4A70E1A2B1BACE9001B65C1 /* FirebaseAnalytics in Frameworks */ = {isa = PBXBuildFile; productRef = E4A70E192B1BACE9001B65C1 /* FirebaseAnalytics */; };
		E4A70E1C2B1BACE9001B65C1 /* FirebaseAnalyticsOnDeviceConversion in Frameworks */ = {isa = PBXBuildFile; productRef = E4A70E1B2B1BACE9001B65C1 /* FirebaseAnalyticsOnDeviceConversion */; };
		E4A70E1E2B1BACE9001B65C1 /* FirebaseAnalyticsSwift in Frameworks */ = {isa = PBXBuildFile; productRef = E4A70E1D2B1BACE9001B65C1 /* FirebaseAnalyticsSwift */; };
		E4A70E202B1BACE9001B65C1 /* FirebaseAnalyticsWithoutAdIdSupport in Frameworks */ = {isa = PBXBuildFile; productRef = E4A70E1F2B1BACE9001B65C1 /* FirebaseAnalyticsWithoutAdIdSupport */; };
		E4A70E222B1BACE9001B65C1 /* FirebaseAppCheck in Frameworks */ = {isa = PBXBuildFile; productRef = E4A70E212B1BACE9001B65C1 /* FirebaseAppCheck */; };
		E4A70E242B1BC6F1001B65C1 /* GoogleService-Info.plist in Resources */ = {isa = PBXBuildFile; fileRef = E4A70E232B1BC6F1001B65C1 /* GoogleService-Info.plist */; };
		E4A70E272B1BD0DA001B65C1 /* RecordingInfo.swift in Sources */ = {isa = PBXBuildFile; fileRef = E4A70E262B1BD0DA001B65C1 /* RecordingInfo.swift */; };
		E4A70E2A2B1BD18F001B65C1 /* ProgressSpinnerViewController.swift in Sources */ = {isa = PBXBuildFile; fileRef = E4A70E292B1BD18F001B65C1 /* ProgressSpinnerViewController.swift */; };
		E4A70E2C2B1BD1A9001B65C1 /* ProgressSpinnerDelegate.swift in Sources */ = {isa = PBXBuildFile; fileRef = E4A70E2B2B1BD1A9001B65C1 /* ProgressSpinnerDelegate.swift */; };
		E4A70E302B1BE2F4001B65C1 /* OverviewScreenView.swift in Sources */ = {isa = PBXBuildFile; fileRef = E4A70E2F2B1BE2F4001B65C1 /* OverviewScreenView.swift */; };
		E4A70E322B1BE320001B65C1 /* OverviewScreenViewController.swift in Sources */ = {isa = PBXBuildFile; fileRef = E4A70E312B1BE320001B65C1 /* OverviewScreenViewController.swift */; };
		FA9519672B1A9EA900FDFD42 /* AppDelegate.swift in Sources */ = {isa = PBXBuildFile; fileRef = FA9519662B1A9EA900FDFD42 /* AppDelegate.swift */; };
		FA9519692B1A9EA900FDFD42 /* SceneDelegate.swift in Sources */ = {isa = PBXBuildFile; fileRef = FA9519682B1A9EA900FDFD42 /* SceneDelegate.swift */; };
		FA95196B2B1A9EA900FDFD42 /* ViewController.swift in Sources */ = {isa = PBXBuildFile; fileRef = FA95196A2B1A9EA900FDFD42 /* ViewController.swift */; };
		FA95196E2B1A9EA900FDFD42 /* Main.storyboard in Resources */ = {isa = PBXBuildFile; fileRef = FA95196C2B1A9EA900FDFD42 /* Main.storyboard */; };
		FA9519702B1A9EAA00FDFD42 /* Assets.xcassets in Resources */ = {isa = PBXBuildFile; fileRef = FA95196F2B1A9EAA00FDFD42 /* Assets.xcassets */; };
		FA9519732B1A9EAA00FDFD42 /* LaunchScreen.storyboard in Resources */ = {isa = PBXBuildFile; fileRef = FA9519712B1A9EAA00FDFD42 /* LaunchScreen.storyboard */; };
		FA95197E2B1AA90800FDFD42 /* FirebaseAuth in Frameworks */ = {isa = PBXBuildFile; productRef = FA95197D2B1AA90800FDFD42 /* FirebaseAuth */; };
		FA9519802B1AA90800FDFD42 /* FirebaseFirestore in Frameworks */ = {isa = PBXBuildFile; productRef = FA95197F2B1AA90800FDFD42 /* FirebaseFirestore */; };
		FA9519822B1AA90800FDFD42 /* FirebaseFirestoreSwift in Frameworks */ = {isa = PBXBuildFile; productRef = FA9519812B1AA90800FDFD42 /* FirebaseFirestoreSwift */; };
		FA9519842B1AA90800FDFD42 /* FirebaseStorage in Frameworks */ = {isa = PBXBuildFile; productRef = FA9519832B1AA90800FDFD42 /* FirebaseStorage */; };
		FA9EBB462B2134B800D4AA82 /* ArticlesScreenController.swift in Sources */ = {isa = PBXBuildFile; fileRef = FA9EBB452B2134B800D4AA82 /* ArticlesScreenController.swift */; };
		FA9EBB492B2134C700D4AA82 /* ArticlesScreenView.swift in Sources */ = {isa = PBXBuildFile; fileRef = FA9EBB482B2134C700D4AA82 /* ArticlesScreenView.swift */; };
		FA9EBB4D2B21376E00D4AA82 /* Article.swift in Sources */ = {isa = PBXBuildFile; fileRef = FA9EBB4C2B21376E00D4AA82 /* Article.swift */; };
		FA9EBB502B21395700D4AA82 /* DGCharts in Frameworks */ = {isa = PBXBuildFile; productRef = FA9EBB4F2B21395700D4AA82 /* DGCharts */; };
		FA9EBB522B213B5500D4AA82 /* ArticleCell.swift in Sources */ = {isa = PBXBuildFile; fileRef = FA9EBB512B213B5500D4AA82 /* ArticleCell.swift */; };
		FAD485CD2B212C4D004C2E54 /* LoginScreenView.swift in Sources */ = {isa = PBXBuildFile; fileRef = FAD485CC2B212C4D004C2E54 /* LoginScreenView.swift */; };
		FAD485D02B212C86004C2E54 /* RegisterScreenController.swift in Sources */ = {isa = PBXBuildFile; fileRef = FAD485CF2B212C86004C2E54 /* RegisterScreenController.swift */; };
		FAD485D32B212C9C004C2E54 /* RegisterScreenView.swift in Sources */ = {isa = PBXBuildFile; fileRef = FAD485D22B212C9C004C2E54 /* RegisterScreenView.swift */; };
/* End PBXBuildFile section */

/* Begin PBXFileReference section */
		DF6942E02B1EA2AE0041D2F6 /* HomeScreenView.swift */ = {isa = PBXFileReference; lastKnownFileType = sourcecode.swift; path = HomeScreenView.swift; sourceTree = "<group>"; };
		DF6942E22B1ECC350041D2F6 /* HomeScreenViewController.swift */ = {isa = PBXFileReference; lastKnownFileType = sourcecode.swift; path = HomeScreenViewController.swift; sourceTree = "<group>"; };
		DF6942E62B1ED5C40041D2F6 /* ProfileScreenView.swift */ = {isa = PBXFileReference; lastKnownFileType = sourcecode.swift; path = ProfileScreenView.swift; sourceTree = "<group>"; };
		DF6942E82B1EDD620041D2F6 /* ProfileScreenViewController.swift */ = {isa = PBXFileReference; lastKnownFileType = sourcecode.swift; path = ProfileScreenViewController.swift; sourceTree = "<group>"; };
		DF6942EA2B1EE1970041D2F6 /* ProfileInfo.swift */ = {isa = PBXFileReference; lastKnownFileType = sourcecode.swift; path = ProfileInfo.swift; sourceTree = "<group>"; };
		DF6942EE2B1FA69F0041D2F6 /* EditScreenView.swift */ = {isa = PBXFileReference; lastKnownFileType = sourcecode.swift; path = EditScreenView.swift; sourceTree = "<group>"; };
		DF6942F02B1FA6B30041D2F6 /* EditScreenViewController.swift */ = {isa = PBXFileReference; lastKnownFileType = sourcecode.swift; path = EditScreenViewController.swift; sourceTree = "<group>"; };
		E4A70DDF2B1BAC8F001B65C1 /* RecordingScreenView.swift */ = {isa = PBXFileReference; lastKnownFileType = sourcecode.swift; path = RecordingScreenView.swift; sourceTree = "<group>"; };
		E4A70DE12B1BACA1001B65C1 /* RecordingScreenViewController.swift */ = {isa = PBXFileReference; lastKnownFileType = sourcecode.swift; path = RecordingScreenViewController.swift; sourceTree = "<group>"; };
		E4A70E232B1BC6F1001B65C1 /* GoogleService-Info.plist */ = {isa = PBXFileReference; lastKnownFileType = text.plist; path = "GoogleService-Info.plist"; sourceTree = SOURCE_ROOT; };
		E4A70E262B1BD0DA001B65C1 /* RecordingInfo.swift */ = {isa = PBXFileReference; lastKnownFileType = sourcecode.swift; path = RecordingInfo.swift; sourceTree = "<group>"; };
		E4A70E292B1BD18F001B65C1 /* ProgressSpinnerViewController.swift */ = {isa = PBXFileReference; lastKnownFileType = sourcecode.swift; path = ProgressSpinnerViewController.swift; sourceTree = "<group>"; };
		E4A70E2B2B1BD1A9001B65C1 /* ProgressSpinnerDelegate.swift */ = {isa = PBXFileReference; lastKnownFileType = sourcecode.swift; path = ProgressSpinnerDelegate.swift; sourceTree = "<group>"; };
		E4A70E2F2B1BE2F4001B65C1 /* OverviewScreenView.swift */ = {isa = PBXFileReference; lastKnownFileType = sourcecode.swift; path = OverviewScreenView.swift; sourceTree = "<group>"; };
		E4A70E312B1BE320001B65C1 /* OverviewScreenViewController.swift */ = {isa = PBXFileReference; lastKnownFileType = sourcecode.swift; path = OverviewScreenViewController.swift; sourceTree = "<group>"; };
		FA9519632B1A9EA900FDFD42 /* CS5520Final.app */ = {isa = PBXFileReference; explicitFileType = wrapper.application; includeInIndex = 0; path = CS5520Final.app; sourceTree = BUILT_PRODUCTS_DIR; };
		FA9519662B1A9EA900FDFD42 /* AppDelegate.swift */ = {isa = PBXFileReference; lastKnownFileType = sourcecode.swift; path = AppDelegate.swift; sourceTree = "<group>"; };
		FA9519682B1A9EA900FDFD42 /* SceneDelegate.swift */ = {isa = PBXFileReference; lastKnownFileType = sourcecode.swift; path = SceneDelegate.swift; sourceTree = "<group>"; };
		FA95196A2B1A9EA900FDFD42 /* ViewController.swift */ = {isa = PBXFileReference; lastKnownFileType = sourcecode.swift; path = ViewController.swift; sourceTree = "<group>"; };
		FA95196D2B1A9EA900FDFD42 /* Base */ = {isa = PBXFileReference; lastKnownFileType = file.storyboard; name = Base; path = Base.lproj/Main.storyboard; sourceTree = "<group>"; };
		FA95196F2B1A9EAA00FDFD42 /* Assets.xcassets */ = {isa = PBXFileReference; lastKnownFileType = folder.assetcatalog; path = Assets.xcassets; sourceTree = "<group>"; };
		FA9519722B1A9EAA00FDFD42 /* Base */ = {isa = PBXFileReference; lastKnownFileType = file.storyboard; name = Base; path = Base.lproj/LaunchScreen.storyboard; sourceTree = "<group>"; };
		FA9519742B1A9EAA00FDFD42 /* Info.plist */ = {isa = PBXFileReference; lastKnownFileType = text.plist.xml; path = Info.plist; sourceTree = "<group>"; };
		FA9EBB452B2134B800D4AA82 /* ArticlesScreenController.swift */ = {isa = PBXFileReference; lastKnownFileType = sourcecode.swift; path = ArticlesScreenController.swift; sourceTree = "<group>"; };
		FA9EBB482B2134C700D4AA82 /* ArticlesScreenView.swift */ = {isa = PBXFileReference; lastKnownFileType = sourcecode.swift; path = ArticlesScreenView.swift; sourceTree = "<group>"; };
		FA9EBB4C2B21376E00D4AA82 /* Article.swift */ = {isa = PBXFileReference; lastKnownFileType = sourcecode.swift; path = Article.swift; sourceTree = "<group>"; };
		FA9EBB512B213B5500D4AA82 /* ArticleCell.swift */ = {isa = PBXFileReference; lastKnownFileType = sourcecode.swift; path = ArticleCell.swift; sourceTree = "<group>"; };
		FAD485CC2B212C4D004C2E54 /* LoginScreenView.swift */ = {isa = PBXFileReference; lastKnownFileType = sourcecode.swift; path = LoginScreenView.swift; sourceTree = "<group>"; };
		FAD485CF2B212C86004C2E54 /* RegisterScreenController.swift */ = {isa = PBXFileReference; lastKnownFileType = sourcecode.swift; path = RegisterScreenController.swift; sourceTree = "<group>"; };
		FAD485D22B212C9C004C2E54 /* RegisterScreenView.swift */ = {isa = PBXFileReference; lastKnownFileType = sourcecode.swift; path = RegisterScreenView.swift; sourceTree = "<group>"; };
/* End PBXFileReference section */

/* Begin PBXFrameworksBuildPhase section */
		FA9519602B1A9EA900FDFD42 /* Frameworks */ = {
			isa = PBXFrameworksBuildPhase;
			buildActionMask = 2147483647;
			files = (
				E4A70DF82B1BACD4001B65C1 /* FirebaseDatabaseSwift in Frameworks */,
				FA95197E2B1AA90800FDFD42 /* FirebaseAuth in Frameworks */,
				E4A70E102B1BACD4001B65C1 /* FirebasePerformance in Frameworks */,
				E4A70E122B1BACD4001B65C1 /* FirebaseRemoteConfig in Frameworks */,
				E4A70DE62B1BACD4001B65C1 /* FirebaseAnalyticsOnDeviceConversion in Frameworks */,
				E4A70E0A2B1BACD4001B65C1 /* FirebaseInstallations in Frameworks */,
				E4A70DFE2B1BACD4001B65C1 /* FirebaseFirestoreCombine-Community in Frameworks */,
				E4A70E082B1BACD4001B65C1 /* FirebaseInAppMessagingSwift-Beta in Frameworks */,
				FA9519842B1AA90800FDFD42 /* FirebaseStorage in Frameworks */,
				E4A70E0C2B1BACD4001B65C1 /* FirebaseMLModelDownloader in Frameworks */,
				E4A70E0E2B1BACD4001B65C1 /* FirebaseMessaging in Frameworks */,
				E4A70E202B1BACE9001B65C1 /* FirebaseAnalyticsWithoutAdIdSupport in Frameworks */,
				E4A70E002B1BACD4001B65C1 /* FirebaseFirestoreSwift in Frameworks */,
				FA9EBB502B21395700D4AA82 /* DGCharts in Frameworks */,
				E4A70DFC2B1BACD4001B65C1 /* FirebaseFirestore in Frameworks */,
				E4A70E1C2B1BACE9001B65C1 /* FirebaseAnalyticsOnDeviceConversion in Frameworks */,
				E4A70E022B1BACD4001B65C1 /* FirebaseFunctions in Frameworks */,
				E4A70E222B1BACE9001B65C1 /* FirebaseAppCheck in Frameworks */,
				FA9519802B1AA90800FDFD42 /* FirebaseFirestore in Frameworks */,
				E4A70DE82B1BACD4001B65C1 /* FirebaseAnalyticsSwift in Frameworks */,
				E4A70DE42B1BACD4001B65C1 /* FirebaseAnalytics in Frameworks */,
				FA9519822B1AA90800FDFD42 /* FirebaseFirestoreSwift in Frameworks */,
				E4A70DF22B1BACD4001B65C1 /* FirebaseAuthCombine-Community in Frameworks */,
				E4A70E1E2B1BACE9001B65C1 /* FirebaseAnalyticsSwift in Frameworks */,
				E4A70DF02B1BACD4001B65C1 /* FirebaseAuth in Frameworks */,
				E4A70E042B1BACD4001B65C1 /* FirebaseFunctionsCombine-Community in Frameworks */,
				E4A70DF42B1BACD4001B65C1 /* FirebaseCrashlytics in Frameworks */,
				E4A70DFA2B1BACD4001B65C1 /* FirebaseDynamicLinks in Frameworks */,
				E4A70E162B1BACD4001B65C1 /* FirebaseStorage in Frameworks */,
				E4A70E062B1BACD4001B65C1 /* FirebaseInAppMessaging-Beta in Frameworks */,
				E4A70E142B1BACD4001B65C1 /* FirebaseRemoteConfigSwift in Frameworks */,
				E4A70E1A2B1BACE9001B65C1 /* FirebaseAnalytics in Frameworks */,
				E4A70DEE2B1BACD4001B65C1 /* FirebaseAppDistribution-Beta in Frameworks */,
				E4A70E182B1BACD4001B65C1 /* FirebaseStorageCombine-Community in Frameworks */,
				E4A70DEC2B1BACD4001B65C1 /* FirebaseAppCheck in Frameworks */,
				E4A70DF62B1BACD4001B65C1 /* FirebaseDatabase in Frameworks */,
				E4A70DEA2B1BACD4001B65C1 /* FirebaseAnalyticsWithoutAdIdSupport in Frameworks */,
			);
			runOnlyForDeploymentPostprocessing = 0;
		};
/* End PBXFrameworksBuildPhase section */

/* Begin PBXGroup section */
		DF6942DE2B1EA2890041D2F6 /* Home Screen */ = {
			isa = PBXGroup;
			children = (
				DF6942E22B1ECC350041D2F6 /* HomeScreenViewController.swift */,
				DF6942DF2B1EA2940041D2F6 /* Views */,
			);
			path = "Home Screen";
			sourceTree = "<group>";
		};
		DF6942DF2B1EA2940041D2F6 /* Views */ = {
			isa = PBXGroup;
			children = (
				DF6942E02B1EA2AE0041D2F6 /* HomeScreenView.swift */,
			);
			path = Views;
			sourceTree = "<group>";
		};
		DF6942E42B1ED59E0041D2F6 /* Profile Screen */ = {
			isa = PBXGroup;
			children = (
				DF6942E82B1EDD620041D2F6 /* ProfileScreenViewController.swift */,
				DF6942E52B1ED5A90041D2F6 /* Views */,
			);
			path = "Profile Screen";
			sourceTree = "<group>";
		};
		DF6942E52B1ED5A90041D2F6 /* Views */ = {
			isa = PBXGroup;
			children = (
				DF6942E62B1ED5C40041D2F6 /* ProfileScreenView.swift */,
			);
			path = Views;
			sourceTree = "<group>";
		};
		DF6942EC2B1FA6790041D2F6 /* Edit Profile Screen */ = {
			isa = PBXGroup;
			children = (
				DF6942F02B1FA6B30041D2F6 /* EditScreenViewController.swift */,
				DF6942ED2B1FA6860041D2F6 /* Views */,
			);
			path = "Edit Profile Screen";
			sourceTree = "<group>";
		};
		DF6942ED2B1FA6860041D2F6 /* Views */ = {
			isa = PBXGroup;
			children = (
				DF6942EE2B1FA69F0041D2F6 /* EditScreenView.swift */,
			);
			path = Views;
			sourceTree = "<group>";
		};
		E4A70DDD2B1BAC61001B65C1 /* Recording Screen */ = {
			isa = PBXGroup;
			children = (
				E4A70DE12B1BACA1001B65C1 /* RecordingScreenViewController.swift */,
				E4A70DDE2B1BAC6D001B65C1 /* Views */,
			);
			path = "Recording Screen";
			sourceTree = "<group>";
		};
		E4A70DDE2B1BAC6D001B65C1 /* Views */ = {
			isa = PBXGroup;
			children = (
				E4A70DDF2B1BAC8F001B65C1 /* RecordingScreenView.swift */,
			);
			path = Views;
			sourceTree = "<group>";
		};
		E4A70E252B1BD0B8001B65C1 /* Data Models */ = {
			isa = PBXGroup;
			children = (
				E4A70E262B1BD0DA001B65C1 /* RecordingInfo.swift */,
				DF6942EA2B1EE1970041D2F6 /* ProfileInfo.swift */,
				FA9EBB4C2B21376E00D4AA82 /* Article.swift */,
			);
			path = "Data Models";
			sourceTree = "<group>";
		};
		E4A70E282B1BD16E001B65C1 /* Progress Indicator */ = {
			isa = PBXGroup;
			children = (
				E4A70E292B1BD18F001B65C1 /* ProgressSpinnerViewController.swift */,
				E4A70E2B2B1BD1A9001B65C1 /* ProgressSpinnerDelegate.swift */,
			);
			path = "Progress Indicator";
			sourceTree = "<group>";
		};
		E4A70E2D2B1BE2C9001B65C1 /* Overview Screen */ = {
			isa = PBXGroup;
			children = (
				E4A70E312B1BE320001B65C1 /* OverviewScreenViewController.swift */,
				E4A70E2E2B1BE2D1001B65C1 /* Views */,
			);
			path = "Overview Screen";
			sourceTree = "<group>";
		};
		E4A70E2E2B1BE2D1001B65C1 /* Views */ = {
			isa = PBXGroup;
			children = (
				E4A70E2F2B1BE2F4001B65C1 /* OverviewScreenView.swift */,
			);
			path = Views;
			sourceTree = "<group>";
		};
		FA95195A2B1A9EA900FDFD42 = {
			isa = PBXGroup;
			children = (
				FA9519652B1A9EA900FDFD42 /* CS5520Final */,
				FA9519642B1A9EA900FDFD42 /* Products */,
			);
			sourceTree = "<group>";
		};
		FA9519642B1A9EA900FDFD42 /* Products */ = {
			isa = PBXGroup;
			children = (
				FA9519632B1A9EA900FDFD42 /* CS5520Final.app */,
			);
			name = Products;
			sourceTree = "<group>";
		};
		FA9519652B1A9EA900FDFD42 /* CS5520Final */ = {
			isa = PBXGroup;
			children = (
				FA9EBB442B2134A300D4AA82 /* Articles Screen */,
				FAD485CE2B212C74004C2E54 /* Register Screen */,
				FAD485C92B212BF6004C2E54 /* Login Screen */,
				DF6942EC2B1FA6790041D2F6 /* Edit Profile Screen */,
				DF6942E42B1ED59E0041D2F6 /* Profile Screen */,
				DF6942DE2B1EA2890041D2F6 /* Home Screen */,
				E4A70E2D2B1BE2C9001B65C1 /* Overview Screen */,
				E4A70E282B1BD16E001B65C1 /* Progress Indicator */,
				E4A70E252B1BD0B8001B65C1 /* Data Models */,
				E4A70DDD2B1BAC61001B65C1 /* Recording Screen */,
				FA9519662B1A9EA900FDFD42 /* AppDelegate.swift */,
				FA9519682B1A9EA900FDFD42 /* SceneDelegate.swift */,
				FA95196C2B1A9EA900FDFD42 /* Main.storyboard */,
				FA95196F2B1A9EAA00FDFD42 /* Assets.xcassets */,
				FA9519712B1A9EAA00FDFD42 /* LaunchScreen.storyboard */,
				FA9519742B1A9EAA00FDFD42 /* Info.plist */,
				E4A70E232B1BC6F1001B65C1 /* GoogleService-Info.plist */,
			);
			path = CS5520Final;
			sourceTree = "<group>";
		};
		FA9EBB442B2134A300D4AA82 /* Articles Screen */ = {
			isa = PBXGroup;
			children = (
				FA9EBB472B2134BE00D4AA82 /* Views */,
				FA9EBB452B2134B800D4AA82 /* ArticlesScreenController.swift */,
			);
			path = "Articles Screen";
			sourceTree = "<group>";
		};
		FA9EBB472B2134BE00D4AA82 /* Views */ = {
			isa = PBXGroup;
			children = (
				FA9EBB482B2134C700D4AA82 /* ArticlesScreenView.swift */,
				FA9EBB512B213B5500D4AA82 /* ArticleCell.swift */,
			);
			path = Views;
			sourceTree = "<group>";
		};
		FAD485C92B212BF6004C2E54 /* Login Screen */ = {
			isa = PBXGroup;
			children = (
				FAD485CB2B212C3D004C2E54 /* Views */,
				FA95196A2B1A9EA900FDFD42 /* ViewController.swift */,
			);
			path = "Login Screen";
			sourceTree = "<group>";
		};
		FAD485CB2B212C3D004C2E54 /* Views */ = {
			isa = PBXGroup;
			children = (
				FAD485CC2B212C4D004C2E54 /* LoginScreenView.swift */,
			);
			path = Views;
			sourceTree = "<group>";
		};
		FAD485CE2B212C74004C2E54 /* Register Screen */ = {
			isa = PBXGroup;
			children = (
				FAD485D12B212C8F004C2E54 /* Views */,
				FAD485CF2B212C86004C2E54 /* RegisterScreenController.swift */,
			);
			path = "Register Screen";
			sourceTree = "<group>";
		};
		FAD485D12B212C8F004C2E54 /* Views */ = {
			isa = PBXGroup;
			children = (
				FAD485D22B212C9C004C2E54 /* RegisterScreenView.swift */,
			);
			path = Views;
			sourceTree = "<group>";
		};
/* End PBXGroup section */

/* Begin PBXNativeTarget section */
		FA9519622B1A9EA900FDFD42 /* CS5520Final */ = {
			isa = PBXNativeTarget;
			buildConfigurationList = FA9519772B1A9EAA00FDFD42 /* Build configuration list for PBXNativeTarget "CS5520Final" */;
			buildPhases = (
				FA95195F2B1A9EA900FDFD42 /* Sources */,
				FA9519602B1A9EA900FDFD42 /* Frameworks */,
				FA9519612B1A9EA900FDFD42 /* Resources */,
			);
			buildRules = (
			);
			dependencies = (
			);
			name = CS5520Final;
			packageProductDependencies = (
				FA95197D2B1AA90800FDFD42 /* FirebaseAuth */,
				FA95197F2B1AA90800FDFD42 /* FirebaseFirestore */,
				FA9519812B1AA90800FDFD42 /* FirebaseFirestoreSwift */,
				FA9519832B1AA90800FDFD42 /* FirebaseStorage */,
				E4A70DE32B1BACD4001B65C1 /* FirebaseAnalytics */,
				E4A70DE52B1BACD4001B65C1 /* FirebaseAnalyticsOnDeviceConversion */,
				E4A70DE72B1BACD4001B65C1 /* FirebaseAnalyticsSwift */,
				E4A70DE92B1BACD4001B65C1 /* FirebaseAnalyticsWithoutAdIdSupport */,
				E4A70DEB2B1BACD4001B65C1 /* FirebaseAppCheck */,
				E4A70DED2B1BACD4001B65C1 /* FirebaseAppDistribution-Beta */,
				E4A70DEF2B1BACD4001B65C1 /* FirebaseAuth */,
				E4A70DF12B1BACD4001B65C1 /* FirebaseAuthCombine-Community */,
				E4A70DF32B1BACD4001B65C1 /* FirebaseCrashlytics */,
				E4A70DF52B1BACD4001B65C1 /* FirebaseDatabase */,
				E4A70DF72B1BACD4001B65C1 /* FirebaseDatabaseSwift */,
				E4A70DF92B1BACD4001B65C1 /* FirebaseDynamicLinks */,
				E4A70DFB2B1BACD4001B65C1 /* FirebaseFirestore */,
				E4A70DFD2B1BACD4001B65C1 /* FirebaseFirestoreCombine-Community */,
				E4A70DFF2B1BACD4001B65C1 /* FirebaseFirestoreSwift */,
				E4A70E012B1BACD4001B65C1 /* FirebaseFunctions */,
				E4A70E032B1BACD4001B65C1 /* FirebaseFunctionsCombine-Community */,
				E4A70E052B1BACD4001B65C1 /* FirebaseInAppMessaging-Beta */,
				E4A70E072B1BACD4001B65C1 /* FirebaseInAppMessagingSwift-Beta */,
				E4A70E092B1BACD4001B65C1 /* FirebaseInstallations */,
				E4A70E0B2B1BACD4001B65C1 /* FirebaseMLModelDownloader */,
				E4A70E0D2B1BACD4001B65C1 /* FirebaseMessaging */,
				E4A70E0F2B1BACD4001B65C1 /* FirebasePerformance */,
				E4A70E112B1BACD4001B65C1 /* FirebaseRemoteConfig */,
				E4A70E132B1BACD4001B65C1 /* FirebaseRemoteConfigSwift */,
				E4A70E152B1BACD4001B65C1 /* FirebaseStorage */,
				E4A70E172B1BACD4001B65C1 /* FirebaseStorageCombine-Community */,
				E4A70E192B1BACE9001B65C1 /* FirebaseAnalytics */,
				E4A70E1B2B1BACE9001B65C1 /* FirebaseAnalyticsOnDeviceConversion */,
				E4A70E1D2B1BACE9001B65C1 /* FirebaseAnalyticsSwift */,
				E4A70E1F2B1BACE9001B65C1 /* FirebaseAnalyticsWithoutAdIdSupport */,
				E4A70E212B1BACE9001B65C1 /* FirebaseAppCheck */,
				FA9EBB4F2B21395700D4AA82 /* DGCharts */,
			);
			productName = CS5520Final;
			productReference = FA9519632B1A9EA900FDFD42 /* CS5520Final.app */;
			productType = "com.apple.product-type.application";
		};
/* End PBXNativeTarget section */

/* Begin PBXProject section */
		FA95195B2B1A9EA900FDFD42 /* Project object */ = {
			isa = PBXProject;
			attributes = {
				BuildIndependentTargetsInParallel = 1;
				LastSwiftUpdateCheck = 1430;
				LastUpgradeCheck = 1430;
				TargetAttributes = {
					FA9519622B1A9EA900FDFD42 = {
						CreatedOnToolsVersion = 14.3.1;
					};
				};
			};
			buildConfigurationList = FA95195E2B1A9EA900FDFD42 /* Build configuration list for PBXProject "CS5520Final" */;
			compatibilityVersion = "Xcode 14.0";
			developmentRegion = en;
			hasScannedForEncodings = 0;
			knownRegions = (
				en,
				Base,
			);
			mainGroup = FA95195A2B1A9EA900FDFD42;
			packageReferences = (
				FA95197C2B1AA90800FDFD42 /* XCRemoteSwiftPackageReference "firebase-ios-sdk" */,
				FA9EBB4E2B21395700D4AA82 /* XCRemoteSwiftPackageReference "Charts" */,
			);
			productRefGroup = FA9519642B1A9EA900FDFD42 /* Products */;
			projectDirPath = "";
			projectRoot = "";
			targets = (
				FA9519622B1A9EA900FDFD42 /* CS5520Final */,
			);
		};
/* End PBXProject section */

/* Begin PBXResourcesBuildPhase section */
		FA9519612B1A9EA900FDFD42 /* Resources */ = {
			isa = PBXResourcesBuildPhase;
			buildActionMask = 2147483647;
			files = (
				FA9519732B1A9EAA00FDFD42 /* LaunchScreen.storyboard in Resources */,
				E4A70E242B1BC6F1001B65C1 /* GoogleService-Info.plist in Resources */,
				FA9519702B1A9EAA00FDFD42 /* Assets.xcassets in Resources */,
				FA95196E2B1A9EA900FDFD42 /* Main.storyboard in Resources */,
			);
			runOnlyForDeploymentPostprocessing = 0;
		};
/* End PBXResourcesBuildPhase section */

/* Begin PBXSourcesBuildPhase section */
		FA95195F2B1A9EA900FDFD42 /* Sources */ = {
			isa = PBXSourcesBuildPhase;
			buildActionMask = 2147483647;
			files = (
				DF6942EF2B1FA69F0041D2F6 /* EditScreenView.swift in Sources */,
				DF6942EB2B1EE1970041D2F6 /* ProfileInfo.swift in Sources */,
				E4A70DE22B1BACA1001B65C1 /* RecordingScreenViewController.swift in Sources */,
				E4A70DE02B1BAC8F001B65C1 /* RecordingScreenView.swift in Sources */,
				FA95196B2B1A9EA900FDFD42 /* ViewController.swift in Sources */,
				FA9519672B1A9EA900FDFD42 /* AppDelegate.swift in Sources */,
				DF6942E72B1ED5C40041D2F6 /* ProfileScreenView.swift in Sources */,
				FA9519692B1A9EA900FDFD42 /* SceneDelegate.swift in Sources */,
				FAD485D02B212C86004C2E54 /* RegisterScreenController.swift in Sources */,
				FA9EBB462B2134B800D4AA82 /* ArticlesScreenController.swift in Sources */,
				DF6942F12B1FA6B30041D2F6 /* EditScreenViewController.swift in Sources */,
				DF6942E32B1ECC350041D2F6 /* HomeScreenViewController.swift in Sources */,
				FA9EBB522B213B5500D4AA82 /* ArticleCell.swift in Sources */,
				E4A70E2A2B1BD18F001B65C1 /* ProgressSpinnerViewController.swift in Sources */,
				DF6942E92B1EDD620041D2F6 /* ProfileScreenViewController.swift in Sources */,
				E4A70E272B1BD0DA001B65C1 /* RecordingInfo.swift in Sources */,
				DF6942E12B1EA2AE0041D2F6 /* HomeScreenView.swift in Sources */,
				E4A70E322B1BE320001B65C1 /* OverviewScreenViewController.swift in Sources */,
				E4A70E302B1BE2F4001B65C1 /* OverviewScreenView.swift in Sources */,
				FAD485CD2B212C4D004C2E54 /* LoginScreenView.swift in Sources */,
				FA9EBB4D2B21376E00D4AA82 /* Article.swift in Sources */,
				FA9EBB492B2134C700D4AA82 /* ArticlesScreenView.swift in Sources */,
				E4A70E2C2B1BD1A9001B65C1 /* ProgressSpinnerDelegate.swift in Sources */,
				FAD485D32B212C9C004C2E54 /* RegisterScreenView.swift in Sources */,
			);
			runOnlyForDeploymentPostprocessing = 0;
		};
/* End PBXSourcesBuildPhase section */

/* Begin PBXVariantGroup section */
		FA95196C2B1A9EA900FDFD42 /* Main.storyboard */ = {
			isa = PBXVariantGroup;
			children = (
				FA95196D2B1A9EA900FDFD42 /* Base */,
			);
			name = Main.storyboard;
			sourceTree = "<group>";
		};
		FA9519712B1A9EAA00FDFD42 /* LaunchScreen.storyboard */ = {
			isa = PBXVariantGroup;
			children = (
				FA9519722B1A9EAA00FDFD42 /* Base */,
			);
			name = LaunchScreen.storyboard;
			sourceTree = "<group>";
		};
/* End PBXVariantGroup section */

/* Begin XCBuildConfiguration section */
		FA9519752B1A9EAA00FDFD42 /* Debug */ = {
			isa = XCBuildConfiguration;
			buildSettings = {
				ALWAYS_SEARCH_USER_PATHS = NO;
				CLANG_ANALYZER_NONNULL = YES;
				CLANG_ANALYZER_NUMBER_OBJECT_CONVERSION = YES_AGGRESSIVE;
				CLANG_CXX_LANGUAGE_STANDARD = "gnu++20";
				CLANG_ENABLE_MODULES = YES;
				CLANG_ENABLE_OBJC_ARC = YES;
				CLANG_ENABLE_OBJC_WEAK = YES;
				CLANG_WARN_BLOCK_CAPTURE_AUTORELEASING = YES;
				CLANG_WARN_BOOL_CONVERSION = YES;
				CLANG_WARN_COMMA = YES;
				CLANG_WARN_CONSTANT_CONVERSION = YES;
				CLANG_WARN_DEPRECATED_OBJC_IMPLEMENTATIONS = YES;
				CLANG_WARN_DIRECT_OBJC_ISA_USAGE = YES_ERROR;
				CLANG_WARN_DOCUMENTATION_COMMENTS = YES;
				CLANG_WARN_EMPTY_BODY = YES;
				CLANG_WARN_ENUM_CONVERSION = YES;
				CLANG_WARN_INFINITE_RECURSION = YES;
				CLANG_WARN_INT_CONVERSION = YES;
				CLANG_WARN_NON_LITERAL_NULL_CONVERSION = YES;
				CLANG_WARN_OBJC_IMPLICIT_RETAIN_SELF = YES;
				CLANG_WARN_OBJC_LITERAL_CONVERSION = YES;
				CLANG_WARN_OBJC_ROOT_CLASS = YES_ERROR;
				CLANG_WARN_QUOTED_INCLUDE_IN_FRAMEWORK_HEADER = YES;
				CLANG_WARN_RANGE_LOOP_ANALYSIS = YES;
				CLANG_WARN_STRICT_PROTOTYPES = YES;
				CLANG_WARN_SUSPICIOUS_MOVE = YES;
				CLANG_WARN_UNGUARDED_AVAILABILITY = YES_AGGRESSIVE;
				CLANG_WARN_UNREACHABLE_CODE = YES;
				CLANG_WARN__DUPLICATE_METHOD_MATCH = YES;
				COPY_PHASE_STRIP = NO;
				DEBUG_INFORMATION_FORMAT = dwarf;
				ENABLE_STRICT_OBJC_MSGSEND = YES;
				ENABLE_TESTABILITY = YES;
				GCC_C_LANGUAGE_STANDARD = gnu11;
				GCC_DYNAMIC_NO_PIC = NO;
				GCC_NO_COMMON_BLOCKS = YES;
				GCC_OPTIMIZATION_LEVEL = 0;
				GCC_PREPROCESSOR_DEFINITIONS = (
					"DEBUG=1",
					"$(inherited)",
				);
				GCC_WARN_64_TO_32_BIT_CONVERSION = YES;
				GCC_WARN_ABOUT_RETURN_TYPE = YES_ERROR;
				GCC_WARN_UNDECLARED_SELECTOR = YES;
				GCC_WARN_UNINITIALIZED_AUTOS = YES_AGGRESSIVE;
				GCC_WARN_UNUSED_FUNCTION = YES;
				GCC_WARN_UNUSED_VARIABLE = YES;
				IPHONEOS_DEPLOYMENT_TARGET = 16.4;
				MTL_ENABLE_DEBUG_INFO = INCLUDE_SOURCE;
				MTL_FAST_MATH = YES;
				ONLY_ACTIVE_ARCH = YES;
				SDKROOT = iphoneos;
				SWIFT_ACTIVE_COMPILATION_CONDITIONS = DEBUG;
				SWIFT_OPTIMIZATION_LEVEL = "-Onone";
			};
			name = Debug;
		};
		FA9519762B1A9EAA00FDFD42 /* Release */ = {
			isa = XCBuildConfiguration;
			buildSettings = {
				ALWAYS_SEARCH_USER_PATHS = NO;
				CLANG_ANALYZER_NONNULL = YES;
				CLANG_ANALYZER_NUMBER_OBJECT_CONVERSION = YES_AGGRESSIVE;
				CLANG_CXX_LANGUAGE_STANDARD = "gnu++20";
				CLANG_ENABLE_MODULES = YES;
				CLANG_ENABLE_OBJC_ARC = YES;
				CLANG_ENABLE_OBJC_WEAK = YES;
				CLANG_WARN_BLOCK_CAPTURE_AUTORELEASING = YES;
				CLANG_WARN_BOOL_CONVERSION = YES;
				CLANG_WARN_COMMA = YES;
				CLANG_WARN_CONSTANT_CONVERSION = YES;
				CLANG_WARN_DEPRECATED_OBJC_IMPLEMENTATIONS = YES;
				CLANG_WARN_DIRECT_OBJC_ISA_USAGE = YES_ERROR;
				CLANG_WARN_DOCUMENTATION_COMMENTS = YES;
				CLANG_WARN_EMPTY_BODY = YES;
				CLANG_WARN_ENUM_CONVERSION = YES;
				CLANG_WARN_INFINITE_RECURSION = YES;
				CLANG_WARN_INT_CONVERSION = YES;
				CLANG_WARN_NON_LITERAL_NULL_CONVERSION = YES;
				CLANG_WARN_OBJC_IMPLICIT_RETAIN_SELF = YES;
				CLANG_WARN_OBJC_LITERAL_CONVERSION = YES;
				CLANG_WARN_OBJC_ROOT_CLASS = YES_ERROR;
				CLANG_WARN_QUOTED_INCLUDE_IN_FRAMEWORK_HEADER = YES;
				CLANG_WARN_RANGE_LOOP_ANALYSIS = YES;
				CLANG_WARN_STRICT_PROTOTYPES = YES;
				CLANG_WARN_SUSPICIOUS_MOVE = YES;
				CLANG_WARN_UNGUARDED_AVAILABILITY = YES_AGGRESSIVE;
				CLANG_WARN_UNREACHABLE_CODE = YES;
				CLANG_WARN__DUPLICATE_METHOD_MATCH = YES;
				COPY_PHASE_STRIP = NO;
				DEBUG_INFORMATION_FORMAT = "dwarf-with-dsym";
				ENABLE_NS_ASSERTIONS = NO;
				ENABLE_STRICT_OBJC_MSGSEND = YES;
				GCC_C_LANGUAGE_STANDARD = gnu11;
				GCC_NO_COMMON_BLOCKS = YES;
				GCC_WARN_64_TO_32_BIT_CONVERSION = YES;
				GCC_WARN_ABOUT_RETURN_TYPE = YES_ERROR;
				GCC_WARN_UNDECLARED_SELECTOR = YES;
				GCC_WARN_UNINITIALIZED_AUTOS = YES_AGGRESSIVE;
				GCC_WARN_UNUSED_FUNCTION = YES;
				GCC_WARN_UNUSED_VARIABLE = YES;
				IPHONEOS_DEPLOYMENT_TARGET = 16.4;
				MTL_ENABLE_DEBUG_INFO = NO;
				MTL_FAST_MATH = YES;
				SDKROOT = iphoneos;
				SWIFT_COMPILATION_MODE = wholemodule;
				SWIFT_OPTIMIZATION_LEVEL = "-O";
				VALIDATE_PRODUCT = YES;
			};
			name = Release;
		};
		FA9519782B1A9EAA00FDFD42 /* Debug */ = {
			isa = XCBuildConfiguration;
			buildSettings = {
				ASSETCATALOG_COMPILER_APPICON_NAME = AppIcon;
				ASSETCATALOG_COMPILER_GLOBAL_ACCENT_COLOR_NAME = AccentColor;
				CODE_SIGN_STYLE = Automatic;
				CURRENT_PROJECT_VERSION = 1;
				GENERATE_INFOPLIST_FILE = YES;
				INFOPLIST_FILE = CS5520Final/Info.plist;
				INFOPLIST_KEY_UIApplicationSupportsIndirectInputEvents = YES;
				INFOPLIST_KEY_UILaunchStoryboardName = LaunchScreen;
				INFOPLIST_KEY_UIMainStoryboardFile = Main;
				INFOPLIST_KEY_UISupportedInterfaceOrientations_iPad = "UIInterfaceOrientationPortrait UIInterfaceOrientationPortraitUpsideDown UIInterfaceOrientationLandscapeLeft UIInterfaceOrientationLandscapeRight";
				INFOPLIST_KEY_UISupportedInterfaceOrientations_iPhone = "UIInterfaceOrientationPortrait UIInterfaceOrientationLandscapeLeft UIInterfaceOrientationLandscapeRight";
				LD_RUNPATH_SEARCH_PATHS = (
					"$(inherited)",
					"@executable_path/Frameworks",
				);
				MARKETING_VERSION = 1.0;
				PRODUCT_BUNDLE_IDENTIFIER = dev.CS5520Final;
				PRODUCT_NAME = "$(TARGET_NAME)";
				SWIFT_EMIT_LOC_STRINGS = YES;
				SWIFT_VERSION = 5.0;
				TARGETED_DEVICE_FAMILY = "1,2";
			};
			name = Debug;
		};
		FA9519792B1A9EAA00FDFD42 /* Release */ = {
			isa = XCBuildConfiguration;
			buildSettings = {
				ASSETCATALOG_COMPILER_APPICON_NAME = AppIcon;
				ASSETCATALOG_COMPILER_GLOBAL_ACCENT_COLOR_NAME = AccentColor;
				CODE_SIGN_STYLE = Automatic;
				CURRENT_PROJECT_VERSION = 1;
				GENERATE_INFOPLIST_FILE = YES;
				INFOPLIST_FILE = CS5520Final/Info.plist;
				INFOPLIST_KEY_UIApplicationSupportsIndirectInputEvents = YES;
				INFOPLIST_KEY_UILaunchStoryboardName = LaunchScreen;
				INFOPLIST_KEY_UIMainStoryboardFile = Main;
				INFOPLIST_KEY_UISupportedInterfaceOrientations_iPad = "UIInterfaceOrientationPortrait UIInterfaceOrientationPortraitUpsideDown UIInterfaceOrientationLandscapeLeft UIInterfaceOrientationLandscapeRight";
				INFOPLIST_KEY_UISupportedInterfaceOrientations_iPhone = "UIInterfaceOrientationPortrait UIInterfaceOrientationLandscapeLeft UIInterfaceOrientationLandscapeRight";
				LD_RUNPATH_SEARCH_PATHS = (
					"$(inherited)",
					"@executable_path/Frameworks",
				);
				MARKETING_VERSION = 1.0;
				PRODUCT_BUNDLE_IDENTIFIER = dev.CS5520Final;
				PRODUCT_NAME = "$(TARGET_NAME)";
				SWIFT_EMIT_LOC_STRINGS = YES;
				SWIFT_VERSION = 5.0;
				TARGETED_DEVICE_FAMILY = "1,2";
			};
			name = Release;
		};
/* End XCBuildConfiguration section */

/* Begin XCConfigurationList section */
		FA95195E2B1A9EA900FDFD42 /* Build configuration list for PBXProject "CS5520Final" */ = {
			isa = XCConfigurationList;
			buildConfigurations = (
				FA9519752B1A9EAA00FDFD42 /* Debug */,
				FA9519762B1A9EAA00FDFD42 /* Release */,
			);
			defaultConfigurationIsVisible = 0;
			defaultConfigurationName = Release;
		};
		FA9519772B1A9EAA00FDFD42 /* Build configuration list for PBXNativeTarget "CS5520Final" */ = {
			isa = XCConfigurationList;
			buildConfigurations = (
				FA9519782B1A9EAA00FDFD42 /* Debug */,
				FA9519792B1A9EAA00FDFD42 /* Release */,
			);
			defaultConfigurationIsVisible = 0;
			defaultConfigurationName = Release;
		};
/* End XCConfigurationList section */

/* Begin XCRemoteSwiftPackageReference section */
		FA95197C2B1AA90800FDFD42 /* XCRemoteSwiftPackageReference "firebase-ios-sdk" */ = {
			isa = XCRemoteSwiftPackageReference;
			repositoryURL = "https://github.com/firebase/firebase-ios-sdk";
			requirement = {
				kind = upToNextMajorVersion;
				minimumVersion = 10.0.0;
			};
		};
		FA9EBB4E2B21395700D4AA82 /* XCRemoteSwiftPackageReference "Charts" */ = {
			isa = XCRemoteSwiftPackageReference;
			repositoryURL = "https://github.com/danielgindi/Charts.git";
			requirement = {
				kind = upToNextMajorVersion;
				minimumVersion = 5.0.0;
			};
		};
/* End XCRemoteSwiftPackageReference section */

/* Begin XCSwiftPackageProductDependency section */
		E4A70DE32B1BACD4001B65C1 /* FirebaseAnalytics */ = {
			isa = XCSwiftPackageProductDependency;
			productName = FirebaseAnalytics;
		};
		E4A70DE52B1BACD4001B65C1 /* FirebaseAnalyticsOnDeviceConversion */ = {
			isa = XCSwiftPackageProductDependency;
			productName = FirebaseAnalyticsOnDeviceConversion;
		};
		E4A70DE72B1BACD4001B65C1 /* FirebaseAnalyticsSwift */ = {
			isa = XCSwiftPackageProductDependency;
			productName = FirebaseAnalyticsSwift;
		};
		E4A70DE92B1BACD4001B65C1 /* FirebaseAnalyticsWithoutAdIdSupport */ = {
			isa = XCSwiftPackageProductDependency;
			productName = FirebaseAnalyticsWithoutAdIdSupport;
		};
		E4A70DEB2B1BACD4001B65C1 /* FirebaseAppCheck */ = {
			isa = XCSwiftPackageProductDependency;
			productName = FirebaseAppCheck;
		};
		E4A70DED2B1BACD4001B65C1 /* FirebaseAppDistribution-Beta */ = {
			isa = XCSwiftPackageProductDependency;
			productName = "FirebaseAppDistribution-Beta";
		};
		E4A70DEF2B1BACD4001B65C1 /* FirebaseAuth */ = {
			isa = XCSwiftPackageProductDependency;
			productName = FirebaseAuth;
		};
		E4A70DF12B1BACD4001B65C1 /* FirebaseAuthCombine-Community */ = {
			isa = XCSwiftPackageProductDependency;
			productName = "FirebaseAuthCombine-Community";
		};
		E4A70DF32B1BACD4001B65C1 /* FirebaseCrashlytics */ = {
			isa = XCSwiftPackageProductDependency;
			productName = FirebaseCrashlytics;
		};
		E4A70DF52B1BACD4001B65C1 /* FirebaseDatabase */ = {
			isa = XCSwiftPackageProductDependency;
			productName = FirebaseDatabase;
		};
		E4A70DF72B1BACD4001B65C1 /* FirebaseDatabaseSwift */ = {
			isa = XCSwiftPackageProductDependency;
			productName = FirebaseDatabaseSwift;
		};
		E4A70DF92B1BACD4001B65C1 /* FirebaseDynamicLinks */ = {
			isa = XCSwiftPackageProductDependency;
			productName = FirebaseDynamicLinks;
		};
		E4A70DFB2B1BACD4001B65C1 /* FirebaseFirestore */ = {
			isa = XCSwiftPackageProductDependency;
			productName = FirebaseFirestore;
		};
		E4A70DFD2B1BACD4001B65C1 /* FirebaseFirestoreCombine-Community */ = {
			isa = XCSwiftPackageProductDependency;
			productName = "FirebaseFirestoreCombine-Community";
		};
		E4A70DFF2B1BACD4001B65C1 /* FirebaseFirestoreSwift */ = {
			isa = XCSwiftPackageProductDependency;
			productName = FirebaseFirestoreSwift;
		};
		E4A70E012B1BACD4001B65C1 /* FirebaseFunctions */ = {
			isa = XCSwiftPackageProductDependency;
			productName = FirebaseFunctions;
		};
		E4A70E032B1BACD4001B65C1 /* FirebaseFunctionsCombine-Community */ = {
			isa = XCSwiftPackageProductDependency;
			productName = "FirebaseFunctionsCombine-Community";
		};
		E4A70E052B1BACD4001B65C1 /* FirebaseInAppMessaging-Beta */ = {
			isa = XCSwiftPackageProductDependency;
			productName = "FirebaseInAppMessaging-Beta";
		};
		E4A70E072B1BACD4001B65C1 /* FirebaseInAppMessagingSwift-Beta */ = {
			isa = XCSwiftPackageProductDependency;
			productName = "FirebaseInAppMessagingSwift-Beta";
		};
		E4A70E092B1BACD4001B65C1 /* FirebaseInstallations */ = {
			isa = XCSwiftPackageProductDependency;
			productName = FirebaseInstallations;
		};
		E4A70E0B2B1BACD4001B65C1 /* FirebaseMLModelDownloader */ = {
			isa = XCSwiftPackageProductDependency;
			productName = FirebaseMLModelDownloader;
		};
		E4A70E0D2B1BACD4001B65C1 /* FirebaseMessaging */ = {
			isa = XCSwiftPackageProductDependency;
			productName = FirebaseMessaging;
		};
		E4A70E0F2B1BACD4001B65C1 /* FirebasePerformance */ = {
			isa = XCSwiftPackageProductDependency;
			productName = FirebasePerformance;
		};
		E4A70E112B1BACD4001B65C1 /* FirebaseRemoteConfig */ = {
			isa = XCSwiftPackageProductDependency;
			productName = FirebaseRemoteConfig;
		};
		E4A70E132B1BACD4001B65C1 /* FirebaseRemoteConfigSwift */ = {
			isa = XCSwiftPackageProductDependency;
			productName = FirebaseRemoteConfigSwift;
		};
		E4A70E152B1BACD4001B65C1 /* FirebaseStorage */ = {
			isa = XCSwiftPackageProductDependency;
			productName = FirebaseStorage;
		};
		E4A70E172B1BACD4001B65C1 /* FirebaseStorageCombine-Community */ = {
			isa = XCSwiftPackageProductDependency;
			productName = "FirebaseStorageCombine-Community";
		};
		E4A70E192B1BACE9001B65C1 /* FirebaseAnalytics */ = {
			isa = XCSwiftPackageProductDependency;
			productName = FirebaseAnalytics;
		};
		E4A70E1B2B1BACE9001B65C1 /* FirebaseAnalyticsOnDeviceConversion */ = {
			isa = XCSwiftPackageProductDependency;
			productName = FirebaseAnalyticsOnDeviceConversion;
		};
		E4A70E1D2B1BACE9001B65C1 /* FirebaseAnalyticsSwift */ = {
			isa = XCSwiftPackageProductDependency;
			productName = FirebaseAnalyticsSwift;
		};
		E4A70E1F2B1BACE9001B65C1 /* FirebaseAnalyticsWithoutAdIdSupport */ = {
			isa = XCSwiftPackageProductDependency;
			productName = FirebaseAnalyticsWithoutAdIdSupport;
		};
		E4A70E212B1BACE9001B65C1 /* FirebaseAppCheck */ = {
			isa = XCSwiftPackageProductDependency;
			productName = FirebaseAppCheck;
		};
		FA95197D2B1AA90800FDFD42 /* FirebaseAuth */ = {
			isa = XCSwiftPackageProductDependency;
			package = FA95197C2B1AA90800FDFD42 /* XCRemoteSwiftPackageReference "firebase-ios-sdk" */;
			productName = FirebaseAuth;
		};
		FA95197F2B1AA90800FDFD42 /* FirebaseFirestore */ = {
			isa = XCSwiftPackageProductDependency;
			package = FA95197C2B1AA90800FDFD42 /* XCRemoteSwiftPackageReference "firebase-ios-sdk" */;
			productName = FirebaseFirestore;
		};
		FA9519812B1AA90800FDFD42 /* FirebaseFirestoreSwift */ = {
			isa = XCSwiftPackageProductDependency;
			package = FA95197C2B1AA90800FDFD42 /* XCRemoteSwiftPackageReference "firebase-ios-sdk" */;
			productName = FirebaseFirestoreSwift;
		};
		FA9519832B1AA90800FDFD42 /* FirebaseStorage */ = {
			isa = XCSwiftPackageProductDependency;
			package = FA95197C2B1AA90800FDFD42 /* XCRemoteSwiftPackageReference "firebase-ios-sdk" */;
			productName = FirebaseStorage;
		};
		FA9EBB4F2B21395700D4AA82 /* DGCharts */ = {
			isa = XCSwiftPackageProductDependency;
			package = FA9EBB4E2B21395700D4AA82 /* XCRemoteSwiftPackageReference "Charts" */;
			productName = DGCharts;
		};
/* End XCSwiftPackageProductDependency section */
	};
	rootObject = FA95195B2B1A9EA900FDFD42 /* Project object */;
}
